
Microsoft Visual Studio Solution File, Format Version 12.00
# Visual Studio Version 17
VisualStudioVersion = 17.13.35818.85 d17.13
MinimumVisualStudioVersion = 10.0.40219.1
Project("{FAE04EC0-301F-11D3-BF4B-00C04F79EFBC}") = "JoVision Backend tasks", "JoVision Backend tasks.csproj", "{B4EAEA24-2246-4116-B277-986961E29C6E}"
EndProject
Global
	GlobalSection(SolutionConfigurationPlatforms) = preSolution
		Debug|Any CPU = Debug|Any CPU
		Release|Any CPU = Release|Any CPU
	EndGlobalSection
	GlobalSection(ProjectConfigurationPlatforms) = postSolution
		{B4EAEA24-2246-4116-B277-986961E29C6E}.Debug|Any CPU.ActiveCfg = Debug|Any CPU
		{B4EAEA24-2246-4116-B277-986961E29C6E}.Debug|Any CPU.Build.0 = Debug|Any CPU
		{B4EAEA24-2246-4116-B277-986961E29C6E}.Release|Any CPU.ActiveCfg = Release|Any CPU
		{B4EAEA24-2246-4116-B277-986961E29C6E}.Release|Any CPU.Build.0 = Release|Any CPU
	EndGlobalSection
	GlobalSection(SolutionProperties) = preSolution
		HideSolutionNode = FALSE
	EndGlobalSection
	GlobalSection(ExtensibilityGlobals) = postSolution
		SolutionGuid = {ED711631-F664-4DF8-AD17-F77664BEEC75}
	EndGlobalSection
EndGlobal
